
Microsoft Visual Studio Solution File, Format Version 12.00
# Visual Studio Version 16
VisualStudioVersion = 16.0.29806.167
MinimumVisualStudioVersion = 10.0.40219.1
Project("{FAE04EC0-301F-11D3-BF4B-00C04F79EFBC}") = "TLCLogin", "TLCLogin\TLCLogin.csproj", "{7E3C4144-98F6-4719-BFC3-008D4CCA2FC3}"
EndProject
Project("{FAE04EC0-301F-11D3-BF4B-00C04F79EFBC}") = "LoginTest", "LoginTest\LoginTest.csproj", "{E6A8A13D-4966-4860-984E-7EB094A6367B}"
EndProject
Project("{FAE04EC0-301F-11D3-BF4B-00C04F79EFBC}") = "Data", "Data\Data.csproj", "{95EF4C67-8CFC-404C-915A-677137F41E9C}"
EndProject
Project("{FAE04EC0-301F-11D3-BF4B-00C04F79EFBC}") = "TutoringAdmin", "TutoringAdmin\TutoringAdmin.csproj", "{51CAFEE9-2766-47C9-B0DE-993810E680D2}"
EndProject
Global
	GlobalSection(SolutionConfigurationPlatforms) = preSolution
		Debug|Any CPU = Debug|Any CPU
		Release|Any CPU = Release|Any CPU
	EndGlobalSection
	GlobalSection(ProjectConfigurationPlatforms) = postSolution
		{7E3C4144-98F6-4719-BFC3-008D4CCA2FC3}.Debug|Any CPU.ActiveCfg = Debug|Any CPU
		{7E3C4144-98F6-4719-BFC3-008D4CCA2FC3}.Debug|Any CPU.Build.0 = Debug|Any CPU
		{7E3C4144-98F6-4719-BFC3-008D4CCA2FC3}.Release|Any CPU.ActiveCfg = Release|Any CPU
		{7E3C4144-98F6-4719-BFC3-008D4CCA2FC3}.Release|Any CPU.Build.0 = Release|Any CPU
		{E6A8A13D-4966-4860-984E-7EB094A6367B}.Debug|Any CPU.ActiveCfg = Debug|Any CPU
		{E6A8A13D-4966-4860-984E-7EB094A6367B}.Debug|Any CPU.Build.0 = Debug|Any CPU
		{E6A8A13D-4966-4860-984E-7EB094A6367B}.Release|Any CPU.ActiveCfg = Release|Any CPU
		{E6A8A13D-4966-4860-984E-7EB094A6367B}.Release|Any CPU.Build.0 = Release|Any CPU
		{95EF4C67-8CFC-404C-915A-677137F41E9C}.Debug|Any CPU.ActiveCfg = Debug|Any CPU
		{95EF4C67-8CFC-404C-915A-677137F41E9C}.Debug|Any CPU.Build.0 = Debug|Any CPU
		{95EF4C67-8CFC-404C-915A-677137F41E9C}.Release|Any CPU.ActiveCfg = Release|Any CPU
		{95EF4C67-8CFC-404C-915A-677137F41E9C}.Release|Any CPU.Build.0 = Release|Any CPU
		{51CAFEE9-2766-47C9-B0DE-993810E680D2}.Debug|Any CPU.ActiveCfg = Debug|Any CPU
		{51CAFEE9-2766-47C9-B0DE-993810E680D2}.Debug|Any CPU.Build.0 = Debug|Any CPU
		{51CAFEE9-2766-47C9-B0DE-993810E680D2}.Release|Any CPU.ActiveCfg = Release|Any CPU
		{51CAFEE9-2766-47C9-B0DE-993810E680D2}.Release|Any CPU.Build.0 = Release|Any CPU
	EndGlobalSection
	GlobalSection(SolutionProperties) = preSolution
		HideSolutionNode = FALSE
	EndGlobalSection
	GlobalSection(ExtensibilityGlobals) = postSolution
		SolutionGuid = {2729F219-49B1-4068-BBA9-613A192C4D74}
	EndGlobalSection
EndGlobal
